
Microsoft Visual Studio Solution File, Format Version 12.00
# Visual Studio 15
VisualStudioVersion = 15.0.27703.2047
MinimumVisualStudioVersion = 10.0.40219.1
Project("{9A19103F-16F7-4668-BE54-9A1E7A4F7556}") = "ToDoList", "ToDoList\ToDoList.csproj", "{DB2962F7-24E2-420A-8B5D-B6D3C542D7B6}"
EndProject
Project("{9A19103F-16F7-4668-BE54-9A1E7A4F7556}") = "ToDoList.unitTest", "ToDoList.unitTest\ToDoList.unitTest.csproj", "{1629FEDD-F2A0-4A1B-887B-175EFC76363B}"
EndProject
Project("{FAE04EC0-301F-11D3-BF4B-00C04F79EFBC}") = "ToDoListServiceTest", "ConsoleApp1\ToDoListServiceTest.csproj", "{B45779AF-18E0-4C63-8302-5E969C892B2A}"
EndProject
Global
	GlobalSection(SolutionConfigurationPlatforms) = preSolution
		Debug|Any CPU = Debug|Any CPU
		Release|Any CPU = Release|Any CPU
	EndGlobalSection
	GlobalSection(ProjectConfigurationPlatforms) = postSolution
		{DB2962F7-24E2-420A-8B5D-B6D3C542D7B6}.Debug|Any CPU.ActiveCfg = Debug|Any CPU
		{DB2962F7-24E2-420A-8B5D-B6D3C542D7B6}.Debug|Any CPU.Build.0 = Debug|Any CPU
		{DB2962F7-24E2-420A-8B5D-B6D3C542D7B6}.Release|Any CPU.ActiveCfg = Release|Any CPU
		{DB2962F7-24E2-420A-8B5D-B6D3C542D7B6}.Release|Any CPU.Build.0 = Release|Any CPU
		{1629FEDD-F2A0-4A1B-887B-175EFC76363B}.Debug|Any CPU.ActiveCfg = Debug|Any CPU
		{1629FEDD-F2A0-4A1B-887B-175EFC76363B}.Debug|Any CPU.Build.0 = Debug|Any CPU
		{1629FEDD-F2A0-4A1B-887B-175EFC76363B}.Release|Any CPU.ActiveCfg = Release|Any CPU
		{1629FEDD-F2A0-4A1B-887B-175EFC76363B}.Release|Any CPU.Build.0 = Release|Any CPU
		{B45779AF-18E0-4C63-8302-5E969C892B2A}.Debug|Any CPU.ActiveCfg = Debug|Any CPU
		{B45779AF-18E0-4C63-8302-5E969C892B2A}.Debug|Any CPU.Build.0 = Debug|Any CPU
		{B45779AF-18E0-4C63-8302-5E969C892B2A}.Release|Any CPU.ActiveCfg = Release|Any CPU
		{B45779AF-18E0-4C63-8302-5E969C892B2A}.Release|Any CPU.Build.0 = Release|Any CPU
	EndGlobalSection
	GlobalSection(SolutionProperties) = preSolution
		HideSolutionNode = FALSE
	EndGlobalSection
	GlobalSection(ExtensibilityGlobals) = postSolution
		SolutionGuid = {AF693186-DCB8-44DE-9372-FFBA24E23475}
	EndGlobalSection
EndGlobal
